
Microsoft Visual Studio Solution File, Format Version 12.00
# Visual Studio 15
VisualStudioVersion = 15.0.28307.902
MinimumVisualStudioVersion = 10.0.40219.1
Project("{FAE04EC0-301F-11D3-BF4B-00C04F79EFBC}") = "WpfApp1", "WpfApp1\WpfApp1.csproj", "{89D1D493-3C6B-440C-96DF-41480D0B57E3}"
EndProject
Global
	GlobalSection(SolutionConfigurationPlatforms) = preSolution
		Debug|Any CPU = Debug|Any CPU
		Release|Any CPU = Release|Any CPU
	EndGlobalSection
	GlobalSection(ProjectConfigurationPlatforms) = postSolution
		{89D1D493-3C6B-440C-96DF-41480D0B57E3}.Debug|Any CPU.ActiveCfg = Debug|Any CPU
		{89D1D493-3C6B-440C-96DF-41480D0B57E3}.Debug|Any CPU.Build.0 = Debug|Any CPU
		{89D1D493-3C6B-440C-96DF-41480D0B57E3}.Release|Any CPU.ActiveCfg = Release|Any CPU
		{89D1D493-3C6B-440C-96DF-41480D0B57E3}.Release|Any CPU.Build.0 = Release|Any CPU
	EndGlobalSection
	GlobalSection(SolutionProperties) = preSolution
		HideSolutionNode = FALSE
	EndGlobalSection
	GlobalSection(ExtensibilityGlobals) = postSolution
		SolutionGuid = {1828CEFC-8A6F-4008-B0D9-CF1E298AE9D1}
	EndGlobalSection
EndGlobal
